// !$*UTF8*$!
{
	archiveVersion = 1;
	classes = {
	};
	objectVersion = 46;
	objects = {

/* Begin PBXBuildFile section */
		3244686E169CA7F400FE7B0A /* MediaTime.m in Sources */ = {isa = PBXBuildFile; fileRef = 3244686D169CA7F400FE7B0A /* MediaTime.m */; };
		329674C416B85BE6000EFC51 /* CompositeElement.m in Sources */ = {isa = PBXBuildFile; fileRef = 329674C316B85BE6000EFC51 /* CompositeElement.m */; };
		329674C616B85C00000EFC51 /* CompanionAd.m in Sources */ = {isa = PBXBuildFile; fileRef = 329674C516B85C00000EFC51 /* CompanionAd.m */; };
		329674CD16B85C2B000EFC51 /* Ad.m in Sources */ = {isa = PBXBuildFile; fileRef = 329674C716B85C2B000EFC51 /* Ad.m */; };
		329674CE16B85C2B000EFC51 /* Creative.m in Sources */ = {isa = PBXBuildFile; fileRef = 329674C816B85C2B000EFC51 /* Creative.m */; };
		329674CF16B85C2B000EFC51 /* Icon.m in Sources */ = {isa = PBXBuildFile; fileRef = 329674C916B85C2B000EFC51 /* Icon.m */; };
		329674D016B85C2B000EFC51 /* NonlinearAd.m in Sources */ = {isa = PBXBuildFile; fileRef = 329674CA16B85C2B000EFC51 /* NonlinearAd.m */; };
		329674D116B85C2B000EFC51 /* TrackingEvent.m in Sources */ = {isa = PBXBuildFile; fileRef = 329674CB16B85C2B000EFC51 /* TrackingEvent.m */; };
		329674D216B85C2B000EFC51 /* VideoClick.m in Sources */ = {isa = PBXBuildFile; fileRef = 329674CC16B85C2B000EFC51 /* VideoClick.m */; };
		329674D416BB4C4B000EFC51 /* MediaFile.m in Sources */ = {isa = PBXBuildFile; fileRef = 329674D316BB4C4B000EFC51 /* MediaFile.m */; };
		329674D716BDDF28000EFC51 /* VASTParser.m in Sources */ = {isa = PBXBuildFile; fileRef = 329674D516BDDF27000EFC51 /* VASTParser.m */; };
		329674D816BDDF28000EFC51 /* VMAPParser.m in Sources */ = {isa = PBXBuildFile; fileRef = 329674D616BDDF28000EFC51 /* VMAPParser.m */; };
		329674DB16C03299000EFC51 /* AdBreak.m in Sources */ = {isa = PBXBuildFile; fileRef = 329674D916C03299000EFC51 /* AdBreak.m */; };
		329674DC16C03299000EFC51 /* AdSource.m in Sources */ = {isa = PBXBuildFile; fileRef = 329674DA16C03299000EFC51 /* AdSource.m */; };
		329674DE16C08137000EFC51 /* VMAPExtension.m in Sources */ = {isa = PBXBuildFile; fileRef = 329674DD16C08137000EFC51 /* VMAPExtension.m */; };
		329DB91C1611049C004C6873 /* Foundation.framework in Frameworks */ = {isa = PBXBuildFile; fileRef = 329DB91B1611049C004C6873 /* Foundation.framework */; };
		329DB92A16110984004C6873 /* AdInfo.m in Sources */ = {isa = PBXBuildFile; fileRef = 329DB92916110984004C6873 /* AdInfo.m */; };
		329DB92C16110993004C6873 /* AdResolver.m in Sources */ = {isa = PBXBuildFile; fileRef = 329DB92B16110993004C6873 /* AdResolver.m */; };
		329DB92E161109C8004C6873 /* LinearTime.m in Sources */ = {isa = PBXBuildFile; fileRef = 329DB92D161109C8004C6873 /* LinearTime.m */; };
		329DB932161109EA004C6873 /* PlaybackPolicy.m in Sources */ = {isa = PBXBuildFile; fileRef = 329DB931161109EA004C6873 /* PlaybackPolicy.m */; };
		329DB93416110A0B004C6873 /* PlaybackSegment.m in Sources */ = {isa = PBXBuildFile; fileRef = 329DB93316110A0B004C6873 /* PlaybackSegment.m */; };
		329DB93616110A17004C6873 /* PlaylistEntry.m in Sources */ = {isa = PBXBuildFile; fileRef = 329DB93516110A17004C6873 /* PlaylistEntry.m */; };
		329DB93816110A24004C6873 /* Scheduler.m in Sources */ = {isa = PBXBuildFile; fileRef = 329DB93716110A24004C6873 /* Scheduler.m */; };
		329DB93A16110A3A004C6873 /* SeekbarTime.m in Sources */ = {isa = PBXBuildFile; fileRef = 329DB93916110A3A004C6873 /* SeekbarTime.m */; };
		329DB93C16110A4D004C6873 /* Sequencer.m in Sources */ = {isa = PBXBuildFile; fileRef = 329DB93B16110A4D004C6873 /* Sequencer.m */; };
/* End PBXBuildFile section */

/* Begin PBXCopyFilesBuildPhase section */
		329DB9161611049C004C6873 /* CopyFiles */ = {
			isa = PBXCopyFilesBuildPhase;
			buildActionMask = 2147483647;
			dstPath = "include/${PRODUCT_NAME}";
			dstSubfolderSpec = 16;
			files = (
			);
			runOnlyForDeploymentPostprocessing = 0;
		};
/* End PBXCopyFilesBuildPhase section */

/* Begin PBXFileReference section */
		3244686D169CA7F400FE7B0A /* MediaTime.m */ = {isa = PBXFileReference; lastKnownFileType = sourcecode.c.objc; name = MediaTime.m; path = Classes/MediaTime.m; sourceTree = "<group>"; };
		329674C316B85BE6000EFC51 /* CompositeElement.m */ = {isa = PBXFileReference; lastKnownFileType = sourcecode.c.objc; name = CompositeElement.m; path = Classes/CompositeElement.m; sourceTree = "<group>"; };
		329674C516B85C00000EFC51 /* CompanionAd.m */ = {isa = PBXFileReference; lastKnownFileType = sourcecode.c.objc; name = CompanionAd.m; path = Classes/CompanionAd.m; sourceTree = "<group>"; };
		329674C716B85C2B000EFC51 /* Ad.m */ = {isa = PBXFileReference; lastKnownFileType = sourcecode.c.objc; name = Ad.m; path = Classes/Ad.m; sourceTree = "<group>"; };
		329674C816B85C2B000EFC51 /* Creative.m */ = {isa = PBXFileReference; lastKnownFileType = sourcecode.c.objc; name = Creative.m; path = Classes/Creative.m; sourceTree = "<group>"; };
		329674C916B85C2B000EFC51 /* Icon.m */ = {isa = PBXFileReference; lastKnownFileType = sourcecode.c.objc; name = Icon.m; path = Classes/Icon.m; sourceTree = "<group>"; };
		329674CA16B85C2B000EFC51 /* NonlinearAd.m */ = {isa = PBXFileReference; lastKnownFileType = sourcecode.c.objc; name = NonlinearAd.m; path = Classes/NonlinearAd.m; sourceTree = "<group>"; };
		329674CB16B85C2B000EFC51 /* TrackingEvent.m */ = {isa = PBXFileReference; lastKnownFileType = sourcecode.c.objc; name = TrackingEvent.m; path = Classes/TrackingEvent.m; sourceTree = "<group>"; };
		329674CC16B85C2B000EFC51 /* VideoClick.m */ = {isa = PBXFileReference; lastKnownFileType = sourcecode.c.objc; name = VideoClick.m; path = Classes/VideoClick.m; sourceTree = "<group>"; };
		329674D316BB4C4B000EFC51 /* MediaFile.m */ = {isa = PBXFileReference; lastKnownFileType = sourcecode.c.objc; name = MediaFile.m; path = Classes/MediaFile.m; sourceTree = "<group>"; };
		329674D516BDDF27000EFC51 /* VASTParser.m */ = {isa = PBXFileReference; lastKnownFileType = sourcecode.c.objc; name = VASTParser.m; path = Classes/VASTParser.m; sourceTree = "<group>"; };
		329674D616BDDF28000EFC51 /* VMAPParser.m */ = {isa = PBXFileReference; lastKnownFileType = sourcecode.c.objc; name = VMAPParser.m; path = Classes/VMAPParser.m; sourceTree = "<group>"; };
		329674D916C03299000EFC51 /* AdBreak.m */ = {isa = PBXFileReference; lastKnownFileType = sourcecode.c.objc; name = AdBreak.m; path = Classes/AdBreak.m; sourceTree = "<group>"; };
		329674DA16C03299000EFC51 /* AdSource.m */ = {isa = PBXFileReference; lastKnownFileType = sourcecode.c.objc; name = AdSource.m; path = Classes/AdSource.m; sourceTree = "<group>"; };
		329674DD16C08137000EFC51 /* VMAPExtension.m */ = {isa = PBXFileReference; lastKnownFileType = sourcecode.c.objc; name = VMAPExtension.m; path = Classes/VMAPExtension.m; sourceTree = "<group>"; };
		329DB9181611049C004C6873 /* libSequencerWrapper.a */ = {isa = PBXFileReference; explicitFileType = archive.ar; includeInIndex = 0; path = libSequencerWrapper.a; sourceTree = BUILT_PRODUCTS_DIR; };
		329DB91B1611049C004C6873 /* Foundation.framework */ = {isa = PBXFileReference; lastKnownFileType = wrapper.framework; name = Foundation.framework; path = System/Library/Frameworks/Foundation.framework; sourceTree = SDKROOT; };
		329DB92916110984004C6873 /* AdInfo.m */ = {isa = PBXFileReference; lastKnownFileType = sourcecode.c.objc; name = AdInfo.m; path = Classes/AdInfo.m; sourceTree = "<group>"; };
		329DB92B16110993004C6873 /* AdResolver.m */ = {isa = PBXFileReference; lastKnownFileType = sourcecode.c.objc; name = AdResolver.m; path = Classes/AdResolver.m; sourceTree = "<group>"; };
		329DB92D161109C8004C6873 /* LinearTime.m */ = {isa = PBXFileReference; lastKnownFileType = sourcecode.c.objc; name = LinearTime.m; path = Classes/LinearTime.m; sourceTree = "<group>"; };
		329DB931161109EA004C6873 /* PlaybackPolicy.m */ = {isa = PBXFileReference; lastKnownFileType = sourcecode.c.objc; name = PlaybackPolicy.m; path = Classes/PlaybackPolicy.m; sourceTree = "<group>"; };
		329DB93316110A0B004C6873 /* PlaybackSegment.m */ = {isa = PBXFileReference; lastKnownFileType = sourcecode.c.objc; name = PlaybackSegment.m; path = Classes/PlaybackSegment.m; sourceTree = "<group>"; };
		329DB93516110A17004C6873 /* PlaylistEntry.m */ = {isa = PBXFileReference; lastKnownFileType = sourcecode.c.objc; name = PlaylistEntry.m; path = Classes/PlaylistEntry.m; sourceTree = "<group>"; };
		329DB93716110A24004C6873 /* Scheduler.m */ = {isa = PBXFileReference; lastKnownFileType = sourcecode.c.objc; name = Scheduler.m; path = Classes/Scheduler.m; sourceTree = "<group>"; };
		329DB93916110A3A004C6873 /* SeekbarTime.m */ = {isa = PBXFileReference; lastKnownFileType = sourcecode.c.objc; name = SeekbarTime.m; path = Classes/SeekbarTime.m; sourceTree = "<group>"; };
		329DB93B16110A4D004C6873 /* Sequencer.m */ = {isa = PBXFileReference; lastKnownFileType = sourcecode.c.objc; name = Sequencer.m; path = Classes/Sequencer.m; sourceTree = "<group>"; };
/* End PBXFileReference section */

/* Begin PBXFrameworksBuildPhase section */
		329DB9151611049C004C6873 /* Frameworks */ = {
			isa = PBXFrameworksBuildPhase;
			buildActionMask = 2147483647;
			files = (
				329DB91C1611049C004C6873 /* Foundation.framework in Frameworks */,
			);
			runOnlyForDeploymentPostprocessing = 0;
		};
/* End PBXFrameworksBuildPhase section */

/* Begin PBXGroup section */
		329DB90D1611049B004C6873 = {
			isa = PBXGroup;
			children = (
				329674DD16C08137000EFC51 /* VMAPExtension.m */,
				329674D916C03299000EFC51 /* AdBreak.m */,
				329674DA16C03299000EFC51 /* AdSource.m */,
				329674D516BDDF27000EFC51 /* VASTParser.m */,
				329674D616BDDF28000EFC51 /* VMAPParser.m */,
				329674D316BB4C4B000EFC51 /* MediaFile.m */,
				329674C716B85C2B000EFC51 /* Ad.m */,
				329674C816B85C2B000EFC51 /* Creative.m */,
				329674C916B85C2B000EFC51 /* Icon.m */,
				329674CA16B85C2B000EFC51 /* NonlinearAd.m */,
				329674CB16B85C2B000EFC51 /* TrackingEvent.m */,
				329674CC16B85C2B000EFC51 /* VideoClick.m */,
				329674C516B85C00000EFC51 /* CompanionAd.m */,
				329674C316B85BE6000EFC51 /* CompositeElement.m */,
				3244686D169CA7F400FE7B0A /* MediaTime.m */,
				329DB93B16110A4D004C6873 /* Sequencer.m */,
				329DB93916110A3A004C6873 /* SeekbarTime.m */,
				329DB93716110A24004C6873 /* Scheduler.m */,
				329DB93516110A17004C6873 /* PlaylistEntry.m */,
				329DB93316110A0B004C6873 /* PlaybackSegment.m */,
				329DB931161109EA004C6873 /* PlaybackPolicy.m */,
				329DB92D161109C8004C6873 /* LinearTime.m */,
				329DB92B16110993004C6873 /* AdResolver.m */,
				329DB92916110984004C6873 /* AdInfo.m */,
				329DB91A1611049C004C6873 /* Frameworks */,
				329DB9191611049C004C6873 /* Products */,
			);
			sourceTree = "<group>";
		};
		329DB9191611049C004C6873 /* Products */ = {
			isa = PBXGroup;
			children = (
				329DB9181611049C004C6873 /* libSequencerWrapper.a */,
			);
			name = Products;
			sourceTree = "<group>";
		};
		329DB91A1611049C004C6873 /* Frameworks */ = {
			isa = PBXGroup;
			children = (
				329DB91B1611049C004C6873 /* Foundation.framework */,
			);
			name = Frameworks;
			sourceTree = "<group>";
		};
/* End PBXGroup section */

/* Begin PBXNativeTarget section */
		329DB9171611049C004C6873 /* SequencerWrapper */ = {
			isa = PBXNativeTarget;
			buildConfigurationList = 329DB9261611049C004C6873 /* Build configuration list for PBXNativeTarget "SequencerWrapper" */;
			buildPhases = (
				329DB9141611049C004C6873 /* Sources */,
				329DB9151611049C004C6873 /* Frameworks */,
				329DB9161611049C004C6873 /* CopyFiles */,
			);
			buildRules = (
			);
			dependencies = (
			);
			name = SequencerWrapper;
			productName = SequencerWrapper;
			productReference = 329DB9181611049C004C6873 /* libSequencerWrapper.a */;
			productType = "com.apple.product-type.library.static";
		};
/* End PBXNativeTarget section */

/* Begin PBXProject section */
		329DB90F1611049B004C6873 /* Project object */ = {
			isa = PBXProject;
			attributes = {
				LastUpgradeCheck = 0440;
				ORGANIZATIONNAME = "Microsoft Corporation";
			};
			buildConfigurationList = 329DB9121611049B004C6873 /* Build configuration list for PBXProject "SequencerWrapper" */;
			compatibilityVersion = "Xcode 3.2";
			developmentRegion = English;
			hasScannedForEncodings = 0;
			knownRegions = (
				en,
			);
			mainGroup = 329DB90D1611049B004C6873;
			productRefGroup = 329DB9191611049C004C6873 /* Products */;
			projectDirPath = "";
			projectRoot = "";
			targets = (
				329DB9171611049C004C6873 /* SequencerWrapper */,
			);
		};
/* End PBXProject section */

/* Begin PBXSourcesBuildPhase section */
		329DB9141611049C004C6873 /* Sources */ = {
			isa = PBXSourcesBuildPhase;
			buildActionMask = 2147483647;
			files = (
				329674DE16C08137000EFC51 /* VMAPExtension.m in Sources */,
				329674DB16C03299000EFC51 /* AdBreak.m in Sources */,
				329674DC16C03299000EFC51 /* AdSource.m in Sources */,
				329674D716BDDF28000EFC51 /* VASTParser.m in Sources */,
				329674D816BDDF28000EFC51 /* VMAPParser.m in Sources */,
				329674D416BB4C4B000EFC51 /* MediaFile.m in Sources */,
				329674CD16B85C2B000EFC51 /* Ad.m in Sources */,
				329674CE16B85C2B000EFC51 /* Creative.m in Sources */,
				329674CF16B85C2B000EFC51 /* Icon.m in Sources */,
				329674D016B85C2B000EFC51 /* NonlinearAd.m in Sources */,
				329674D116B85C2B000EFC51 /* TrackingEvent.m in Sources */,
				329674D216B85C2B000EFC51 /* VideoClick.m in Sources */,
				329674C616B85C00000EFC51 /* CompanionAd.m in Sources */,
				329674C416B85BE6000EFC51 /* CompositeElement.m in Sources */,
				3244686E169CA7F400FE7B0A /* MediaTime.m in Sources */,
				329DB93C16110A4D004C6873 /* Sequencer.m in Sources */,
				329DB93A16110A3A004C6873 /* SeekbarTime.m in Sources */,
				329DB93816110A24004C6873 /* Scheduler.m in Sources */,
				329DB93616110A17004C6873 /* PlaylistEntry.m in Sources */,
				329DB93416110A0B004C6873 /* PlaybackSegment.m in Sources */,
				329DB932161109EA004C6873 /* PlaybackPolicy.m in Sources */,
				329DB92E161109C8004C6873 /* LinearTime.m in Sources */,
				329DB92C16110993004C6873 /* AdResolver.m in Sources */,
				329DB92A16110984004C6873 /* AdInfo.m in Sources */,
			);
			runOnlyForDeploymentPostprocessing = 0;
		};
/* End PBXSourcesBuildPhase section */

/* Begin XCBuildConfiguration section */
		329DB9241611049C004C6873 /* Debug */ = {
			isa = XCBuildConfiguration;
			buildSettings = {
				ALWAYS_SEARCH_USER_PATHS = NO;
				ARCHS = "$(ARCHS_STANDARD_32_BIT)";
				CLANG_CXX_LANGUAGE_STANDARD = "gnu++0x";
				CLANG_WARN__DUPLICATE_METHOD_MATCH = YES;
				COPY_PHASE_STRIP = NO;
				GCC_C_LANGUAGE_STANDARD = gnu99;
				GCC_DYNAMIC_NO_PIC = NO;
				GCC_OPTIMIZATION_LEVEL = 0;
				GCC_PREPROCESSOR_DEFINITIONS = (
					"DEBUG=1",
					"$(inherited)",
				);
				GCC_SYMBOLS_PRIVATE_EXTERN = NO;
				GCC_VERSION = com.apple.compilers.llvm.clang.1_0;
				GCC_WARN_ABOUT_RETURN_TYPE = YES;
				GCC_WARN_UNINITIALIZED_AUTOS = YES;
				GCC_WARN_UNUSED_VARIABLE = YES;
				IPHONEOS_DEPLOYMENT_TARGET = 5.1;
				RELEASE_SHARE_ROOT = /Users/$USER/iOSRelease;
				SDKROOT = iphoneos;
				SYMROOT = "$(RELEASE_SHARE_ROOT)/product/$(PROJECT_NAME)";
			};
			name = Debug;
		};
		329DB9251611049C004C6873 /* Release */ = {
			isa = XCBuildConfiguration;
			buildSettings = {
				ALWAYS_SEARCH_USER_PATHS = NO;
				ARCHS = "$(ARCHS_STANDARD_32_BIT)";
				CLANG_CXX_LANGUAGE_STANDARD = "gnu++0x";
				CLANG_WARN__DUPLICATE_METHOD_MATCH = YES;
				COPY_PHASE_STRIP = YES;
				GCC_C_LANGUAGE_STANDARD = gnu99;
				GCC_VERSION = com.apple.compilers.llvm.clang.1_0;
				GCC_WARN_ABOUT_RETURN_TYPE = YES;
				GCC_WARN_UNINITIALIZED_AUTOS = YES;
				GCC_WARN_UNUSED_VARIABLE = YES;
				IPHONEOS_DEPLOYMENT_TARGET = 5.1;
				RELEASE_SHARE_ROOT = /Users/$USER/iOSRelease;
				SDKROOT = iphoneos;
				SYMROOT = "$(RELEASE_SHARE_ROOT)/product/$(PROJECT_NAME)";
				VALIDATE_PRODUCT = YES;
			};
			name = Release;
		};
		329DB9271611049C004C6873 /* Debug */ = {
			isa = XCBuildConfiguration;
			buildSettings = {
				ALWAYS_SEARCH_USER_PATHS = YES;
				DSTROOT = /tmp/SequencerWrapper.dst;
				GCC_PRECOMPILE_PREFIX_HEADER = NO;
				HEADER_SEARCH_PATHS = (
					"<Multiple",
					"values>",
					../SequencerWrapper,
				);
				"HEADER_SEARCH_PATHS[arch=*]" = (
					../../inc,
					.,
				);
				"OTHER_CFLAGS[arch=*]" = "-DENABLE_SEQUENCER_TRACE";
				OTHER_LDFLAGS = "-ObjC";
				PRODUCT_NAME = "$(TARGET_NAME)";
				RELEASE_SHARE_ROOT = /Users/$USER/iOSRelease;
				SKIP_INSTALL = YES;
				SYMROOT = "$(RELEASE_SHARE_ROOT)/product/$(PROJECT_NAME)";
			};
			name = Debug;
		};
		329DB9281611049C004C6873 /* Release */ = {
			isa = XCBuildConfiguration;
			buildSettings = {
				ALWAYS_SEARCH_USER_PATHS = YES;
				DSTROOT = /tmp/SequencerWrapper.dst;
				GCC_PRECOMPILE_PREFIX_HEADER = NO;
				HEADER_SEARCH_PATHS = (
					"<Multiple",
					"values>",
					../SequencerWrapper,
				);
				"HEADER_SEARCH_PATHS[arch=*]" = (
					../../inc,
					.,
				);
				OTHER_LDFLAGS = "-ObjC";
				PRODUCT_NAME = "$(TARGET_NAME)";
				RELEASE_SHARE_ROOT = /Users/$USER/iOSRelease;
				SKIP_INSTALL = YES;
				SYMROOT = "$(RELEASE_SHARE_ROOT)/product/$(PROJECT_NAME)";
			};
			name = Release;
		};
/* End XCBuildConfiguration section */

/* Begin XCConfigurationList section */
		329DB9121611049B004C6873 /* Build configuration list for PBXProject "SequencerWrapper" */ = {
			isa = XCConfigurationList;
			buildConfigurations = (
				329DB9241611049C004C6873 /* Debug */,
				329DB9251611049C004C6873 /* Release */,
			);
			defaultConfigurationIsVisible = 0;
			defaultConfigurationName = Release;
		};
		329DB9261611049C004C6873 /* Build configuration list for PBXNativeTarget "SequencerWrapper" */ = {
			isa = XCConfigurationList;
			buildConfigurations = (
				329DB9271611049C004C6873 /* Debug */,
				329DB9281611049C004C6873 /* Release */,
			);
			defaultConfigurationIsVisible = 0;
			defaultConfigurationName = Release;
		};
/* End XCConfigurationList section */
	};
	rootObject = 329DB90F1611049B004C6873 /* Project object */;
}
